// !$*UTF8*$!
{
	archiveVersion = 1;
	classes = {
	};
	objectVersion = 46;
	objects = {

/* Begin PBXBuildFile section */
		9EDB6D841A2AFAB30073A4BA /* main.m in Sources */ = {isa = PBXBuildFile; fileRef = 9EDB6D831A2AFAB30073A4BA /* main.m */; };
		9EDB6D871A2AFAB30073A4BA /* AppDelegate.m in Sources */ = {isa = PBXBuildFile; fileRef = 9EDB6D861A2AFAB30073A4BA /* AppDelegate.m */; };
		9EDB6D8D1A2AFAB30073A4BA /* Main.storyboard in Resources */ = {isa = PBXBuildFile; fileRef = 9EDB6D8B1A2AFAB30073A4BA /* Main.storyboard */; };
		9EDB6D8F1A2AFAB30073A4BA /* Images.xcassets in Resources */ = {isa = PBXBuildFile; fileRef = 9EDB6D8E1A2AFAB30073A4BA /* Images.xcassets */; };
		9EDB6D921A2AFAB30073A4BA /* LaunchScreen.xib in Resources */ = {isa = PBXBuildFile; fileRef = 9EDB6D901A2AFAB30073A4BA /* LaunchScreen.xib */; };
		9EDB6D9E1A2AFAB30073A4BA /* pdsTests.m in Sources */ = {isa = PBXBuildFile; fileRef = 9EDB6D9D1A2AFAB30073A4BA /* pdsTests.m */; };
		9EDB6DA91A2AFBA40073A4BA /* FarmingSystemViewController.m in Sources */ = {isa = PBXBuildFile; fileRef = 9EDB6DA81A2AFBA40073A4BA /* FarmingSystemViewController.m */; };
/* End PBXBuildFile section */

/* Begin PBXContainerItemProxy section */
		9EDB6D981A2AFAB30073A4BA /* PBXContainerItemProxy */ = {
			isa = PBXContainerItemProxy;
			containerPortal = 9EDB6D761A2AFAB30073A4BA /* Project object */;
			proxyType = 1;
			remoteGlobalIDString = 9EDB6D7D1A2AFAB30073A4BA;
			remoteInfo = pds;
		};
/* End PBXContainerItemProxy section */

/* Begin PBXFileReference section */
		9EDB6D7E1A2AFAB30073A4BA /* pds.app */ = {isa = PBXFileReference; explicitFileType = wrapper.application; includeInIndex = 0; path = pds.app; sourceTree = BUILT_PRODUCTS_DIR; };
		9EDB6D821A2AFAB30073A4BA /* Info.plist */ = {isa = PBXFileReference; lastKnownFileType = text.plist.xml; path = Info.plist; sourceTree = "<group>"; };
		9EDB6D831A2AFAB30073A4BA /* main.m */ = {isa = PBXFileReference; lastKnownFileType = sourcecode.c.objc; path = main.m; sourceTree = "<group>"; };
		9EDB6D851A2AFAB30073A4BA /* AppDelegate.h */ = {isa = PBXFileReference; lastKnownFileType = sourcecode.c.h; path = AppDelegate.h; sourceTree = "<group>"; };
		9EDB6D861A2AFAB30073A4BA /* AppDelegate.m */ = {isa = PBXFileReference; lastKnownFileType = sourcecode.c.objc; path = AppDelegate.m; sourceTree = "<group>"; };
		9EDB6D8C1A2AFAB30073A4BA /* Base */ = {isa = PBXFileReference; lastKnownFileType = file.storyboard; name = Base; path = Base.lproj/Main.storyboard; sourceTree = "<group>"; };
		9EDB6D8E1A2AFAB30073A4BA /* Images.xcassets */ = {isa = PBXFileReference; lastKnownFileType = folder.assetcatalog; path = Images.xcassets; sourceTree = "<group>"; };
		9EDB6D911A2AFAB30073A4BA /* Base */ = {isa = PBXFileReference; lastKnownFileType = file.xib; name = Base; path = Base.lproj/LaunchScreen.xib; sourceTree = "<group>"; };
		9EDB6D971A2AFAB30073A4BA /* pdsTests.xctest */ = {isa = PBXFileReference; explicitFileType = wrapper.cfbundle; includeInIndex = 0; path = pdsTests.xctest; sourceTree = BUILT_PRODUCTS_DIR; };
		9EDB6D9C1A2AFAB30073A4BA /* Info.plist */ = {isa = PBXFileReference; lastKnownFileType = text.plist.xml; path = Info.plist; sourceTree = "<group>"; };
		9EDB6D9D1A2AFAB30073A4BA /* pdsTests.m */ = {isa = PBXFileReference; lastKnownFileType = sourcecode.c.objc; path = pdsTests.m; sourceTree = "<group>"; };
		9EDB6DA71A2AFBA40073A4BA /* FarmingSystemViewController.h */ = {isa = PBXFileReference; fileEncoding = 4; lastKnownFileType = sourcecode.c.h; path = FarmingSystemViewController.h; sourceTree = "<group>"; };
		9EDB6DA81A2AFBA40073A4BA /* FarmingSystemViewController.m */ = {isa = PBXFileReference; fileEncoding = 4; lastKnownFileType = sourcecode.c.objc; path = FarmingSystemViewController.m; sourceTree = "<group>"; };
/* End PBXFileReference section */

/* Begin PBXFrameworksBuildPhase section */
		9EDB6D7B1A2AFAB30073A4BA /* Frameworks */ = {
			isa = PBXFrameworksBuildPhase;
			buildActionMask = 2147483647;
			files = (
			);
			runOnlyForDeploymentPostprocessing = 0;
		};
		9EDB6D941A2AFAB30073A4BA /* Frameworks */ = {
			isa = PBXFrameworksBuildPhase;
			buildActionMask = 2147483647;
			files = (
			);
			runOnlyForDeploymentPostprocessing = 0;
		};
/* End PBXFrameworksBuildPhase section */

/* Begin PBXGroup section */
		9EDB6D751A2AFAB30073A4BA = {
			isa = PBXGroup;
			children = (
				9EDB6D801A2AFAB30073A4BA /* pds */,
				9EDB6D9A1A2AFAB30073A4BA /* pdsTests */,
				9EDB6D7F1A2AFAB30073A4BA /* Products */,
			);
			sourceTree = "<group>";
		};
		9EDB6D7F1A2AFAB30073A4BA /* Products */ = {
			isa = PBXGroup;
			children = (
				9EDB6D7E1A2AFAB30073A4BA /* pds.app */,
				9EDB6D971A2AFAB30073A4BA /* pdsTests.xctest */,
			);
			name = Products;
			sourceTree = "<group>";
		};
		9EDB6D801A2AFAB30073A4BA /* pds */ = {
			isa = PBXGroup;
			children = (
				9EDB6D851A2AFAB30073A4BA /* AppDelegate.h */,
				9EDB6D861A2AFAB30073A4BA /* AppDelegate.m */,
				9EDB6D8B1A2AFAB30073A4BA /* Main.storyboard */,
				9EDB6D8E1A2AFAB30073A4BA /* Images.xcassets */,
				9EDB6D901A2AFAB30073A4BA /* LaunchScreen.xib */,
				9EDB6D811A2AFAB30073A4BA /* Supporting Files */,
				9EDB6DA71A2AFBA40073A4BA /* FarmingSystemViewController.h */,
				9EDB6DA81A2AFBA40073A4BA /* FarmingSystemViewController.m */,
			);
			path = pds;
			sourceTree = "<group>";
		};
		9EDB6D811A2AFAB30073A4BA /* Supporting Files */ = {
			isa = PBXGroup;
			children = (
				9EDB6D821A2AFAB30073A4BA /* Info.plist */,
				9EDB6D831A2AFAB30073A4BA /* main.m */,
			);
			name = "Supporting Files";
			sourceTree = "<group>";
		};
		9EDB6D9A1A2AFAB30073A4BA /* pdsTests */ = {
			isa = PBXGroup;
			children = (
				9EDB6D9D1A2AFAB30073A4BA /* pdsTests.m */,
				9EDB6D9B1A2AFAB30073A4BA /* Supporting Files */,
			);
			path = pdsTests;
			sourceTree = "<group>";
		};
		9EDB6D9B1A2AFAB30073A4BA /* Supporting Files */ = {
			isa = PBXGroup;
			children = (
				9EDB6D9C1A2AFAB30073A4BA /* Info.plist */,
			);
			name = "Supporting Files";
			sourceTree = "<group>";
		};
/* End PBXGroup section */

/* Begin PBXNativeTarget section */
		9EDB6D7D1A2AFAB30073A4BA /* pds */ = {
			isa = PBXNativeTarget;
			buildConfigurationList = 9EDB6DA11A2AFAB30073A4BA /* Build configuration list for PBXNativeTarget "pds" */;
			buildPhases = (
				9EDB6D7A1A2AFAB30073A4BA /* Sources */,
				9EDB6D7B1A2AFAB30073A4BA /* Frameworks */,
				9EDB6D7C1A2AFAB30073A4BA /* Resources */,
			);
			buildRules = (
			);
			dependencies = (
			);
			name = pds;
			productName = pds;
			productReference = 9EDB6D7E1A2AFAB30073A4BA /* pds.app */;
			productType = "com.apple.product-type.application";
		};
		9EDB6D961A2AFAB30073A4BA /* pdsTests */ = {
			isa = PBXNativeTarget;
			buildConfigurationList = 9EDB6DA41A2AFAB30073A4BA /* Build configuration list for PBXNativeTarget "pdsTests" */;
			buildPhases = (
				9EDB6D931A2AFAB30073A4BA /* Sources */,
				9EDB6D941A2AFAB30073A4BA /* Frameworks */,
				9EDB6D951A2AFAB30073A4BA /* Resources */,
			);
			buildRules = (
			);
			dependencies = (
				9EDB6D991A2AFAB30073A4BA /* PBXTargetDependency */,
			);
			name = pdsTests;
			productName = pdsTests;
			productReference = 9EDB6D971A2AFAB30073A4BA /* pdsTests.xctest */;
			productType = "com.apple.product-type.bundle.unit-test";
		};
/* End PBXNativeTarget section */

/* Begin PBXProject section */
		9EDB6D761A2AFAB30073A4BA /* Project object */ = {
			isa = PBXProject;
			attributes = {
				LastUpgradeCheck = 0610;
				ORGANIZATIONNAME = Sunarp;
				TargetAttributes = {
					9EDB6D7D1A2AFAB30073A4BA = {
						CreatedOnToolsVersion = 6.1;
					};
					9EDB6D961A2AFAB30073A4BA = {
						CreatedOnToolsVersion = 6.1;
						TestTargetID = 9EDB6D7D1A2AFAB30073A4BA;
					};
				};
			};
			buildConfigurationList = 9EDB6D791A2AFAB30073A4BA /* Build configuration list for PBXProject "pds" */;
			compatibilityVersion = "Xcode 3.2";
			developmentRegion = English;
			hasScannedForEncodings = 0;
			knownRegions = (
				en,
				Base,
			);
			mainGroup = 9EDB6D751A2AFAB30073A4BA;
			productRefGroup = 9EDB6D7F1A2AFAB30073A4BA /* Products */;
			projectDirPath = "";
			projectRoot = "";
			targets = (
				9EDB6D7D1A2AFAB30073A4BA /* pds */,
				9EDB6D961A2AFAB30073A4BA /* pdsTests */,
			);
		};
/* End PBXProject section */

/* Begin PBXResourcesBuildPhase section */
		9EDB6D7C1A2AFAB30073A4BA /* Resources */ = {
			isa = PBXResourcesBuildPhase;
			buildActionMask = 2147483647;
			files = (
				9EDB6D8D1A2AFAB30073A4BA /* Main.storyboard in Resources */,
				9EDB6D921A2AFAB30073A4BA /* LaunchScreen.xib in Resources */,
				9EDB6D8F1A2AFAB30073A4BA /* Images.xcassets in Resources */,
			);
			runOnlyForDeploymentPostprocessing = 0;
		};
		9EDB6D951A2AFAB30073A4BA /* Resources */ = {
			isa = PBXResourcesBuildPhase;
			buildActionMask = 2147483647;
			files = (
			);
			runOnlyForDeploymentPostprocessing = 0;
		};
/* End PBXResourcesBuildPhase section */

/* Begin PBXSourcesBuildPhase section */
		9EDB6D7A1A2AFAB30073A4BA /* Sources */ = {
			isa = PBXSourcesBuildPhase;
			buildActionMask = 2147483647;
			files = (
				9EDB6DA91A2AFBA40073A4BA /* FarmingSystemViewController.m in Sources */,
				9EDB6D871A2AFAB30073A4BA /* AppDelegate.m in Sources */,
				9EDB6D841A2AFAB30073A4BA /* main.m in Sources */,
			);
			runOnlyForDeploymentPostprocessing = 0;
		};
		9EDB6D931A2AFAB30073A4BA /* Sources */ = {
			isa = PBXSourcesBuildPhase;
			buildActionMask = 2147483647;
			files = (
				9EDB6D9E1A2AFAB30073A4BA /* pdsTests.m in Sources */,
			);
			runOnlyForDeploymentPostprocessing = 0;
		};
/* End PBXSourcesBuildPhase section */

/* Begin PBXTargetDependency section */
		9EDB6D991A2AFAB30073A4BA /* PBXTargetDependency */ = {
			isa = PBXTargetDependency;
			target = 9EDB6D7D1A2AFAB30073A4BA /* pds */;
			targetProxy = 9EDB6D981A2AFAB30073A4BA /* PBXContainerItemProxy */;
		};
/* End PBXTargetDependency section */

/* Begin PBXVariantGroup section */
		9EDB6D8B1A2AFAB30073A4BA /* Main.storyboard */ = {
			isa = PBXVariantGroup;
			children = (
				9EDB6D8C1A2AFAB30073A4BA /* Base */,
			);
			name = Main.storyboard;
			sourceTree = "<group>";
		};
		9EDB6D901A2AFAB30073A4BA /* LaunchScreen.xib */ = {
			isa = PBXVariantGroup;
			children = (
				9EDB6D911A2AFAB30073A4BA /* Base */,
			);
			name = LaunchScreen.xib;
			sourceTree = "<group>";
		};
/* End PBXVariantGroup section */

/* Begin XCBuildConfiguration section */
		9EDB6D9F1A2AFAB30073A4BA /* Debug */ = {
			isa = XCBuildConfiguration;
			buildSettings = {
				ALWAYS_SEARCH_USER_PATHS = NO;
				CLANG_CXX_LANGUAGE_STANDARD = "gnu++0x";
				CLANG_CXX_LIBRARY = "libc++";
				CLANG_ENABLE_MODULES = YES;
				CLANG_ENABLE_OBJC_ARC = YES;
				CLANG_WARN_BOOL_CONVERSION = YES;
				CLANG_WARN_CONSTANT_CONVERSION = YES;
				CLANG_WARN_DIRECT_OBJC_ISA_USAGE = YES_ERROR;
				CLANG_WARN_EMPTY_BODY = YES;
				CLANG_WARN_ENUM_CONVERSION = YES;
				CLANG_WARN_INT_CONVERSION = YES;
				CLANG_WARN_OBJC_ROOT_CLASS = YES_ERROR;
				CLANG_WARN_UNREACHABLE_CODE = YES;
				CLANG_WARN__DUPLICATE_METHOD_MATCH = YES;
				"CODE_SIGN_IDENTITY[sdk=iphoneos*]" = "iPhone Developer";
				COPY_PHASE_STRIP = NO;
				ENABLE_STRICT_OBJC_MSGSEND = YES;
				GCC_C_LANGUAGE_STANDARD = gnu99;
				GCC_DYNAMIC_NO_PIC = NO;
				GCC_OPTIMIZATION_LEVEL = 0;
				GCC_PREPROCESSOR_DEFINITIONS = (
					"DEBUG=1",
					"$(inherited)",
				);
				GCC_SYMBOLS_PRIVATE_EXTERN = NO;
				GCC_WARN_64_TO_32_BIT_CONVERSION = YES;
				GCC_WARN_ABOUT_RETURN_TYPE = YES_ERROR;
				GCC_WARN_UNDECLARED_SELECTOR = YES;
				GCC_WARN_UNINITIALIZED_AUTOS = YES_AGGRESSIVE;
				GCC_WARN_UNUSED_FUNCTION = YES;
				GCC_WARN_UNUSED_VARIABLE = YES;
				IPHONEOS_DEPLOYMENT_TARGET = 8.1;
				MTL_ENABLE_DEBUG_INFO = YES;
				ONLY_ACTIVE_ARCH = YES;
				SDKROOT = iphoneos;
			};
			name = Debug;
		};
		9EDB6DA01A2AFAB30073A4BA /* Release */ = {
			isa = XCBuildConfiguration;
			buildSettings = {
				ALWAYS_SEARCH_USER_PATHS = NO;
				CLANG_CXX_LANGUAGE_STANDARD = "gnu++0x";
				CLANG_CXX_LIBRARY = "libc++";
				CLANG_ENABLE_MODULES = YES;
				CLANG_ENABLE_OBJC_ARC = YES;
				CLANG_WARN_BOOL_CONVERSION = YES;
				CLANG_WARN_CONSTANT_CONVERSION = YES;
				CLANG_WARN_DIRECT_OBJC_ISA_USAGE = YES_ERROR;
				CLANG_WARN_EMPTY_BODY = YES;
				CLANG_WARN_ENUM_CONVERSION = YES;
				CLANG_WARN_INT_CONVERSION = YES;
				CLANG_WARN_OBJC_ROOT_CLASS = YES_ERROR;
				CLANG_WARN_UNREACHABLE_CODE = YES;
				CLANG_WARN__DUPLICATE_METHOD_MATCH = YES;
				"CODE_SIGN_IDENTITY[sdk=iphoneos*]" = "iPhone Developer";
				COPY_PHASE_STRIP = YES;
				ENABLE_NS_ASSERTIONS = NO;
				ENABLE_STRICT_OBJC_MSGSEND = YES;
				GCC_C_LANGUAGE_STANDARD = gnu99;
				GCC_WARN_64_TO_32_BIT_CONVERSION = YES;
				GCC_WARN_ABOUT_RETURN_TYPE = YES_ERROR;
				GCC_WARN_UNDECLARED_SELECTOR = YES;
				GCC_WARN_UNINITIALIZED_AUTOS = YES_AGGRESSIVE;
				GCC_WARN_UNUSED_FUNCTION = YES;
				GCC_WARN_UNUSED_VARIABLE = YES;
				IPHONEOS_DEPLOYMENT_TARGET = 8.1;
				MTL_ENABLE_DEBUG_INFO = NO;
				SDKROOT = iphoneos;
				VALIDATE_PRODUCT = YES;
			};
			name = Release;
		};
		9EDB6DA21A2AFAB30073A4BA /* Debug */ = {
			isa = XCBuildConfiguration;
			buildSettings = {
				ASSETCATALOG_COMPILER_APPICON_NAME = AppIcon;
				INFOPLIST_FILE = pds/Info.plist;
				LD_RUNPATH_SEARCH_PATHS = "$(inherited) @executable_path/Frameworks";
				PRODUCT_NAME = "$(TARGET_NAME)";
			};
			name = Debug;
		};
		9EDB6DA31A2AFAB30073A4BA /* Release */ = {
			isa = XCBuildConfiguration;
			buildSettings = {
				ASSETCATALOG_COMPILER_APPICON_NAME = AppIcon;
				INFOPLIST_FILE = pds/Info.plist;
				LD_RUNPATH_SEARCH_PATHS = "$(inherited) @executable_path/Frameworks";
				PRODUCT_NAME = "$(TARGET_NAME)";
			};
			name = Release;
		};
		9EDB6DA51A2AFAB30073A4BA /* Debug */ = {
			isa = XCBuildConfiguration;
			buildSettings = {
				BUNDLE_LOADER = "$(TEST_HOST)";
				FRAMEWORK_SEARCH_PATHS = (
					"$(SDKROOT)/Developer/Library/Frameworks",
					"$(inherited)",
				);
				GCC_PREPROCESSOR_DEFINITIONS = (
					"DEBUG=1",
					"$(inherited)",
				);
				INFOPLIST_FILE = pdsTests/Info.plist;
				LD_RUNPATH_SEARCH_PATHS = "$(inherited) @executable_path/Frameworks @loader_path/Frameworks";
				PRODUCT_NAME = "$(TARGET_NAME)";
				TEST_HOST = "$(BUILT_PRODUCTS_DIR)/pds.app/pds";
			};
			name = Debug;
		};
		9EDB6DA61A2AFAB30073A4BA /* Release */ = {
			isa = XCBuildConfiguration;
			buildSettings = {
				BUNDLE_LOADER = "$(TEST_HOST)";
				FRAMEWORK_SEARCH_PATHS = (
					"$(SDKROOT)/Developer/Library/Frameworks",
					"$(inherited)",
				);
				INFOPLIST_FILE = pdsTests/Info.plist;
				LD_RUNPATH_SEARCH_PATHS = "$(inherited) @executable_path/Frameworks @loader_path/Frameworks";
				PRODUCT_NAME = "$(TARGET_NAME)";
				TEST_HOST = "$(BUILT_PRODUCTS_DIR)/pds.app/pds";
			};
			name = Release;
		};
/* End XCBuildConfiguration section */

/* Begin XCConfigurationList section */
		9EDB6D791A2AFAB30073A4BA /* Build configuration list for PBXProject "pds" */ = {
			isa = XCConfigurationList;
			buildConfigurations = (
				9EDB6D9F1A2AFAB30073A4BA /* Debug */,
				9EDB6DA01A2AFAB30073A4BA /* Release */,
			);
			defaultConfigurationIsVisible = 0;
			defaultConfigurationName = Release;
		};
		9EDB6DA11A2AFAB30073A4BA /* Build configuration list for PBXNativeTarget "pds" */ = {
			isa = XCConfigurationList;
			buildConfigurations = (
				9EDB6DA21A2AFAB30073A4BA /* Debug */,
				9EDB6DA31A2AFAB30073A4BA /* Release */,
			);
			defaultConfigurationIsVisible = 0;
		};
		9EDB6DA41A2AFAB30073A4BA /* Build configuration list for PBXNativeTarget "pdsTests" */ = {
			isa = XCConfigurationList;
			buildConfigurations = (
				9EDB6DA51A2AFAB30073A4BA /* Debug */,
				9EDB6DA61A2AFAB30073A4BA /* Release */,
			);
			defaultConfigurationIsVisible = 0;
		};
/* End XCConfigurationList section */
	};
	rootObject = 9EDB6D761A2AFAB30073A4BA /* Project object */;
}
